
Microsoft Visual Studio Solution File, Format Version 12.00
# Visual Studio Version 17
VisualStudioVersion = 17.5.33530.505
MinimumVisualStudioVersion = 10.0.40219.1
Project("{54A90642-561A-4BB1-A94E-469ADEE60C69}") = "reactproject1", "reactproject1\reactproject1.esproj", "{23D89835-2048-4258-B54E-75A67794120D}"
EndProject
Global
	GlobalSection(SolutionConfigurationPlatforms) = preSolution
		Debug|Any CPU = Debug|Any CPU
		Release|Any CPU = Release|Any CPU
	EndGlobalSection
	GlobalSection(ProjectConfigurationPlatforms) = postSolution
		{23D89835-2048-4258-B54E-75A67794120D}.Debug|Any CPU.ActiveCfg = Debug|Any CPU
		{23D89835-2048-4258-B54E-75A67794120D}.Debug|Any CPU.Build.0 = Debug|Any CPU
		{23D89835-2048-4258-B54E-75A67794120D}.Debug|Any CPU.Deploy.0 = Debug|Any CPU
		{23D89835-2048-4258-B54E-75A67794120D}.Release|Any CPU.ActiveCfg = Release|Any CPU
		{23D89835-2048-4258-B54E-75A67794120D}.Release|Any CPU.Build.0 = Release|Any CPU
		{23D89835-2048-4258-B54E-75A67794120D}.Release|Any CPU.Deploy.0 = Release|Any CPU
	EndGlobalSection
	GlobalSection(SolutionProperties) = preSolution
		HideSolutionNode = FALSE
	EndGlobalSection
	GlobalSection(ExtensibilityGlobals) = postSolution
		SolutionGuid = {5D29BE8F-2D5D-4315-B06F-235A305FA02C}
	EndGlobalSection
EndGlobal
